// !$*UTF8*$!
{
	archiveVersion = 1;
	classes = {
	};
	objectVersion = 50;
	objects = {

/* Begin PBXBuildFile section */
		9347C8AD24314AD60099AE53 /* game-over.wav in Resources */ = {isa = PBXBuildFile; fileRef = 9347C8A824314AD50099AE53 /* game-over.wav */; };
		9347C8AE24314AD60099AE53 /* paddleBlip.wav in Resources */ = {isa = PBXBuildFile; fileRef = 9347C8A924314AD50099AE53 /* paddleBlip.wav */; };
		9347C8AF24314AD60099AE53 /* BambooBreak.wav in Resources */ = {isa = PBXBuildFile; fileRef = 9347C8AA24314AD50099AE53 /* BambooBreak.wav */; };
		9347C8B024314AD60099AE53 /* pongblip.wav in Resources */ = {isa = PBXBuildFile; fileRef = 9347C8AB24314AD50099AE53 /* pongblip.wav */; };
		9347C8B124314AD60099AE53 /* game-won.mp3 in Resources */ = {isa = PBXBuildFile; fileRef = 9347C8AC24314AD50099AE53 /* game-won.mp3 */; };
		9347C8B524315D030099AE53 /* BallTrail.sks in Resources */ = {isa = PBXBuildFile; fileRef = 9347C8B324315D030099AE53 /* BallTrail.sks */; };
		9347C8B624315D030099AE53 /* Deposit.sks in Resources */ = {isa = PBXBuildFile; fileRef = 9347C8B424315D030099AE53 /* Deposit.sks */; };
		9347C8BB2431E1970099AE53 /* BallTrail-Silver.sks in Resources */ = {isa = PBXBuildFile; fileRef = 9347C8BA2431E1970099AE53 /* BallTrail-Silver.sks */; };
		9347C8BE2431E2220099AE53 /* BallTrail-Blue.sks in Resources */ = {isa = PBXBuildFile; fileRef = 9347C8BC2431E2220099AE53 /* BallTrail-Blue.sks */; };
		9347C8BF2431E2220099AE53 /* BallTrail-Red.sks in Resources */ = {isa = PBXBuildFile; fileRef = 9347C8BD2431E2220099AE53 /* BallTrail-Red.sks */; };
		9347C8C32431EB7D0099AE53 /* SnapshotManager.swift in Sources */ = {isa = PBXBuildFile; fileRef = 9347C8C22431EB7D0099AE53 /* SnapshotManager.swift */; };
		934A5F302433221700A3D232 /* MultiplayerNetworking+Messages.swift in Sources */ = {isa = PBXBuildFile; fileRef = 934A5F2F2433221700A3D232 /* MultiplayerNetworking+Messages.swift */; };
		937911212439E4A500CEC9C6 /* AliasComponent.swift in Sources */ = {isa = PBXBuildFile; fileRef = 937911202439E4A500CEC9C6 /* AliasComponent.swift */; };
		93873A0424389C5C00A6E59A /* SpriteComponent.swift in Sources */ = {isa = PBXBuildFile; fileRef = 93873A0324389C5C00A6E59A /* SpriteComponent.swift */; };
		93873A0624389E1100A6E59A /* Deposit.swift in Sources */ = {isa = PBXBuildFile; fileRef = 93873A0524389E1100A6E59A /* Deposit.swift */; };
		93873A0824389F2E00A6E59A /* General.swift in Sources */ = {isa = PBXBuildFile; fileRef = 93873A0724389F2E00A6E59A /* General.swift */; };
		93873A0A24389FEB00A6E59A /* EntityManager.swift in Sources */ = {isa = PBXBuildFile; fileRef = 93873A0924389FEB00A6E59A /* EntityManager.swift */; };
		93873A0C2438A40000A6E59A /* TeamComponent.swift in Sources */ = {isa = PBXBuildFile; fileRef = 93873A0B2438A40000A6E59A /* TeamComponent.swift */; };
		93873A0E2438A72800A6E59A /* DepositComponent.swift in Sources */ = {isa = PBXBuildFile; fileRef = 93873A0D2438A72800A6E59A /* DepositComponent.swift */; };
		93873A102438ACC000A6E59A /* Package.swift in Sources */ = {isa = PBXBuildFile; fileRef = 93873A0F2438ACC000A6E59A /* Package.swift */; };
		93873A122438B82900A6E59A /* ShapeComponents.swift in Sources */ = {isa = PBXBuildFile; fileRef = 93873A112438B82900A6E59A /* ShapeComponents.swift */; };
		93873A142438B87600A6E59A /* PhysicsComponent.swift in Sources */ = {isa = PBXBuildFile; fileRef = 93873A132438B87600A6E59A /* PhysicsComponent.swift */; };
		93873A1624394C5D00A6E59A /* ImpulseComponent.swift in Sources */ = {isa = PBXBuildFile; fileRef = 93873A1524394C5D00A6E59A /* ImpulseComponent.swift */; };
		93873A1A24397A3900A6E59A /* HandsComponent.swift in Sources */ = {isa = PBXBuildFile; fileRef = 93873A1924397A3900A6E59A /* HandsComponent.swift */; };
		93873A1C2439DC1D00A6E59A /* TrailComponent.swift in Sources */ = {isa = PBXBuildFile; fileRef = 93873A1B2439DC1D00A6E59A /* TrailComponent.swift */; };
		93A0779D243C982200D52205 /* Panel.swift in Sources */ = {isa = PBXBuildFile; fileRef = 93A0779C243C982200D52205 /* Panel.swift */; };
		93A077A3243C9E8700D52205 /* BeamComponent.swift in Sources */ = {isa = PBXBuildFile; fileRef = 93A077A2243C9E8700D52205 /* BeamComponent.swift */; };
		93A077A5243D3CE300D52205 /* PanelFactory.swift in Sources */ = {isa = PBXBuildFile; fileRef = 93A077A4243D3CE300D52205 /* PanelFactory.swift */; };
		93A077A9243DC45800D52205 /* LaunchComponent.swift in Sources */ = {isa = PBXBuildFile; fileRef = 93A077A8243DC45800D52205 /* LaunchComponent.swift */; };
		93A55EEF24307D280027E83E /* GameKitHelper.swift in Sources */ = {isa = PBXBuildFile; fileRef = 93A55EE924307D280027E83E /* GameKitHelper.swift */; };
		93A55EF024307D280027E83E /* MultiplayerNetworking.swift in Sources */ = {isa = PBXBuildFile; fileRef = 93A55EEA24307D280027E83E /* MultiplayerNetworking.swift */; };
		93A55EF124307D280027E83E /* MultiplayerNetworking+GameKitHelper.swift in Sources */ = {isa = PBXBuildFile; fileRef = 93A55EEB24307D280027E83E /* MultiplayerNetworking+GameKitHelper.swift */; };
		93A55EF224307D280027E83E /* GameKitHelperProtocol.swift in Sources */ = {isa = PBXBuildFile; fileRef = 93A55EED24307D280027E83E /* GameKitHelperProtocol.swift */; };
		93A55EF324307D280027E83E /* MultiplayerNetworkingProtocol.swift in Sources */ = {isa = PBXBuildFile; fileRef = 93A55EEE24307D280027E83E /* MultiplayerNetworkingProtocol.swift */; };
		93A55EFA24307D4F0027E83E /* SoundManager.swift in Sources */ = {isa = PBXBuildFile; fileRef = 93A55EF524307D4F0027E83E /* SoundManager.swift */; };
		93A55EFB24307D4F0027E83E /* CGVector+Normalize.swift in Sources */ = {isa = PBXBuildFile; fileRef = 93A55EF724307D4F0027E83E /* CGVector+Normalize.swift */; };
		93A55EFC24307D4F0027E83E /* SKNode+Impulse.swift in Sources */ = {isa = PBXBuildFile; fileRef = 93A55EF824307D4F0027E83E /* SKNode+Impulse.swift */; };
		93A55EFD24307D4F0027E83E /* Data+Archive.swift in Sources */ = {isa = PBXBuildFile; fileRef = 93A55EF924307D4F0027E83E /* Data+Archive.swift */; };
		93A55F08243089850027E83E /* WaitingForTap.swift in Sources */ = {isa = PBXBuildFile; fileRef = 93A55F04243089840027E83E /* WaitingForTap.swift */; };
		93A55F09243089850027E83E /* GameOver.swift in Sources */ = {isa = PBXBuildFile; fileRef = 93A55F05243089840027E83E /* GameOver.swift */; };
		93A55F0A243089850027E83E /* Playing.swift in Sources */ = {isa = PBXBuildFile; fileRef = 93A55F06243089840027E83E /* Playing.swift */; };
		93A55F0C24308A630027E83E /* CGSize+AspectFill.swift in Sources */ = {isa = PBXBuildFile; fileRef = 93A55F0B24308A630027E83E /* CGSize+AspectFill.swift */; };
		93A55F1124308AEE0027E83E /* GameScene+PhysicsContact.swift in Sources */ = {isa = PBXBuildFile; fileRef = 93A55F0E24308AEE0027E83E /* GameScene+PhysicsContact.swift */; };
		93A55F1224308AEE0027E83E /* GameScene+TouchEvents.swift in Sources */ = {isa = PBXBuildFile; fileRef = 93A55F0F24308AEE0027E83E /* GameScene+TouchEvents.swift */; };
		93A55F2624308D1E0027E83E /* Constants.swift in Sources */ = {isa = PBXBuildFile; fileRef = 93A55F2524308D1E0027E83E /* Constants.swift */; };
		93EFD9802445F311005D68A2 /* Disconnected.swift in Sources */ = {isa = PBXBuildFile; fileRef = 93EFD97F2445F311005D68A2 /* Disconnected.swift */; };
		93F3DCB5244309960058B288 /* ImpulsableProtocol.swift in Sources */ = {isa = PBXBuildFile; fileRef = 93F3DCB4244309960058B288 /* ImpulsableProtocol.swift */; };
		93F3DCB7244309A80058B288 /* ImpactableProtocol.swift in Sources */ = {isa = PBXBuildFile; fileRef = 93F3DCB6244309A80058B288 /* ImpactableProtocol.swift */; };
		93F3DCB9244309B80058B288 /* LaunchableProtocol.swift in Sources */ = {isa = PBXBuildFile; fileRef = 93F3DCB8244309B80058B288 /* LaunchableProtocol.swift */; };
		93FEBDAB242EE0CF006CCBFB /* AppDelegate.swift in Sources */ = {isa = PBXBuildFile; fileRef = 93FEBDAA242EE0CF006CCBFB /* AppDelegate.swift */; };
		93FEBDAD242EE0CF006CCBFB /* GameScene.sks in Resources */ = {isa = PBXBuildFile; fileRef = 93FEBDAC242EE0CF006CCBFB /* GameScene.sks */; };
		93FEBDAF242EE0CF006CCBFB /* Actions.sks in Resources */ = {isa = PBXBuildFile; fileRef = 93FEBDAE242EE0CF006CCBFB /* Actions.sks */; };
		93FEBDB1242EE0CF006CCBFB /* GameScene.swift in Sources */ = {isa = PBXBuildFile; fileRef = 93FEBDB0242EE0CF006CCBFB /* GameScene.swift */; };
		93FEBDB3242EE0CF006CCBFB /* GameViewController.swift in Sources */ = {isa = PBXBuildFile; fileRef = 93FEBDB2242EE0CF006CCBFB /* GameViewController.swift */; };
		93FEBDB6242EE0CF006CCBFB /* Main.storyboard in Resources */ = {isa = PBXBuildFile; fileRef = 93FEBDB4242EE0CF006CCBFB /* Main.storyboard */; };
		93FEBDB8242EE0D2006CCBFB /* Assets.xcassets in Resources */ = {isa = PBXBuildFile; fileRef = 93FEBDB7242EE0D2006CCBFB /* Assets.xcassets */; };
		93FEBDBB242EE0D2006CCBFB /* LaunchScreen.storyboard in Resources */ = {isa = PBXBuildFile; fileRef = 93FEBDB9242EE0D2006CCBFB /* LaunchScreen.storyboard */; };
		93FEBDC4242EE181006CCBFB /* GameKit.framework in Frameworks */ = {isa = PBXBuildFile; fileRef = 93FEBDC3242EE181006CCBFB /* GameKit.framework */; };
/* End PBXBuildFile section */

/* Begin PBXFileReference section */
		9347C8A824314AD50099AE53 /* game-over.wav */ = {isa = PBXFileReference; lastKnownFileType = audio.wav; path = "game-over.wav"; sourceTree = "<group>"; };
		9347C8A924314AD50099AE53 /* paddleBlip.wav */ = {isa = PBXFileReference; lastKnownFileType = audio.wav; path = paddleBlip.wav; sourceTree = "<group>"; };
		9347C8AA24314AD50099AE53 /* BambooBreak.wav */ = {isa = PBXFileReference; lastKnownFileType = audio.wav; path = BambooBreak.wav; sourceTree = "<group>"; };
		9347C8AB24314AD50099AE53 /* pongblip.wav */ = {isa = PBXFileReference; lastKnownFileType = audio.wav; path = pongblip.wav; sourceTree = "<group>"; };
		9347C8AC24314AD50099AE53 /* game-won.mp3 */ = {isa = PBXFileReference; lastKnownFileType = audio.mp3; path = "game-won.mp3"; sourceTree = "<group>"; };
		9347C8B324315D030099AE53 /* BallTrail.sks */ = {isa = PBXFileReference; lastKnownFileType = file.sks; path = BallTrail.sks; sourceTree = "<group>"; };
		9347C8B424315D030099AE53 /* Deposit.sks */ = {isa = PBXFileReference; lastKnownFileType = file.sks; path = Deposit.sks; sourceTree = "<group>"; };
		9347C8BA2431E1970099AE53 /* BallTrail-Silver.sks */ = {isa = PBXFileReference; lastKnownFileType = file.sks; path = "BallTrail-Silver.sks"; sourceTree = "<group>"; };
		9347C8BC2431E2220099AE53 /* BallTrail-Blue.sks */ = {isa = PBXFileReference; lastKnownFileType = file.sks; path = "BallTrail-Blue.sks"; sourceTree = "<group>"; };
		9347C8BD2431E2220099AE53 /* BallTrail-Red.sks */ = {isa = PBXFileReference; lastKnownFileType = file.sks; path = "BallTrail-Red.sks"; sourceTree = "<group>"; };
		9347C8C22431EB7D0099AE53 /* SnapshotManager.swift */ = {isa = PBXFileReference; lastKnownFileType = sourcecode.swift; path = SnapshotManager.swift; sourceTree = "<group>"; };
		934A5F2F2433221700A3D232 /* MultiplayerNetworking+Messages.swift */ = {isa = PBXFileReference; lastKnownFileType = sourcecode.swift; path = "MultiplayerNetworking+Messages.swift"; sourceTree = "<group>"; };
		937911202439E4A500CEC9C6 /* AliasComponent.swift */ = {isa = PBXFileReference; lastKnownFileType = sourcecode.swift; path = AliasComponent.swift; sourceTree = "<group>"; };
		93873A0324389C5C00A6E59A /* SpriteComponent.swift */ = {isa = PBXFileReference; lastKnownFileType = sourcecode.swift; path = SpriteComponent.swift; sourceTree = "<group>"; };
		93873A0524389E1100A6E59A /* Deposit.swift */ = {isa = PBXFileReference; lastKnownFileType = sourcecode.swift; path = Deposit.swift; sourceTree = "<group>"; };
		93873A0724389F2E00A6E59A /* General.swift */ = {isa = PBXFileReference; lastKnownFileType = sourcecode.swift; path = General.swift; sourceTree = "<group>"; };
		93873A0924389FEB00A6E59A /* EntityManager.swift */ = {isa = PBXFileReference; lastKnownFileType = sourcecode.swift; path = EntityManager.swift; sourceTree = "<group>"; };
		93873A0B2438A40000A6E59A /* TeamComponent.swift */ = {isa = PBXFileReference; lastKnownFileType = sourcecode.swift; path = TeamComponent.swift; sourceTree = "<group>"; };
		93873A0D2438A72800A6E59A /* DepositComponent.swift */ = {isa = PBXFileReference; lastKnownFileType = sourcecode.swift; path = DepositComponent.swift; sourceTree = "<group>"; };
		93873A0F2438ACC000A6E59A /* Package.swift */ = {isa = PBXFileReference; lastKnownFileType = sourcecode.swift; path = Package.swift; sourceTree = "<group>"; };
		93873A112438B82900A6E59A /* ShapeComponents.swift */ = {isa = PBXFileReference; lastKnownFileType = sourcecode.swift; path = ShapeComponents.swift; sourceTree = "<group>"; };
		93873A132438B87600A6E59A /* PhysicsComponent.swift */ = {isa = PBXFileReference; lastKnownFileType = sourcecode.swift; path = PhysicsComponent.swift; sourceTree = "<group>"; };
		93873A1524394C5D00A6E59A /* ImpulseComponent.swift */ = {isa = PBXFileReference; lastKnownFileType = sourcecode.swift; path = ImpulseComponent.swift; sourceTree = "<group>"; };
		93873A1924397A3900A6E59A /* HandsComponent.swift */ = {isa = PBXFileReference; lastKnownFileType = sourcecode.swift; path = HandsComponent.swift; sourceTree = "<group>"; };
		93873A1B2439DC1D00A6E59A /* TrailComponent.swift */ = {isa = PBXFileReference; lastKnownFileType = sourcecode.swift; path = TrailComponent.swift; sourceTree = "<group>"; };
		93A0779C243C982200D52205 /* Panel.swift */ = {isa = PBXFileReference; lastKnownFileType = sourcecode.swift; path = Panel.swift; sourceTree = "<group>"; };
		93A077A2243C9E8700D52205 /* BeamComponent.swift */ = {isa = PBXFileReference; lastKnownFileType = sourcecode.swift; path = BeamComponent.swift; sourceTree = "<group>"; };
		93A077A4243D3CE300D52205 /* PanelFactory.swift */ = {isa = PBXFileReference; lastKnownFileType = sourcecode.swift; path = PanelFactory.swift; sourceTree = "<group>"; };
		93A077A8243DC45800D52205 /* LaunchComponent.swift */ = {isa = PBXFileReference; lastKnownFileType = sourcecode.swift; path = LaunchComponent.swift; sourceTree = "<group>"; };
		93A55EE924307D280027E83E /* GameKitHelper.swift */ = {isa = PBXFileReference; fileEncoding = 4; lastKnownFileType = sourcecode.swift; path = GameKitHelper.swift; sourceTree = "<group>"; };
		93A55EEA24307D280027E83E /* MultiplayerNetworking.swift */ = {isa = PBXFileReference; fileEncoding = 4; lastKnownFileType = sourcecode.swift; path = MultiplayerNetworking.swift; sourceTree = "<group>"; };
		93A55EEB24307D280027E83E /* MultiplayerNetworking+GameKitHelper.swift */ = {isa = PBXFileReference; fileEncoding = 4; lastKnownFileType = sourcecode.swift; path = "MultiplayerNetworking+GameKitHelper.swift"; sourceTree = "<group>"; };
		93A55EED24307D280027E83E /* GameKitHelperProtocol.swift */ = {isa = PBXFileReference; fileEncoding = 4; lastKnownFileType = sourcecode.swift; path = GameKitHelperProtocol.swift; sourceTree = "<group>"; };
		93A55EEE24307D280027E83E /* MultiplayerNetworkingProtocol.swift */ = {isa = PBXFileReference; fileEncoding = 4; lastKnownFileType = sourcecode.swift; path = MultiplayerNetworkingProtocol.swift; sourceTree = "<group>"; };
		93A55EF524307D4F0027E83E /* SoundManager.swift */ = {isa = PBXFileReference; fileEncoding = 4; lastKnownFileType = sourcecode.swift; path = SoundManager.swift; sourceTree = "<group>"; };
		93A55EF724307D4F0027E83E /* CGVector+Normalize.swift */ = {isa = PBXFileReference; fileEncoding = 4; lastKnownFileType = sourcecode.swift; path = "CGVector+Normalize.swift"; sourceTree = "<group>"; };
		93A55EF824307D4F0027E83E /* SKNode+Impulse.swift */ = {isa = PBXFileReference; fileEncoding = 4; lastKnownFileType = sourcecode.swift; path = "SKNode+Impulse.swift"; sourceTree = "<group>"; };
		93A55EF924307D4F0027E83E /* Data+Archive.swift */ = {isa = PBXFileReference; fileEncoding = 4; lastKnownFileType = sourcecode.swift; path = "Data+Archive.swift"; sourceTree = "<group>"; };
		93A55F04243089840027E83E /* WaitingForTap.swift */ = {isa = PBXFileReference; fileEncoding = 4; lastKnownFileType = sourcecode.swift; path = WaitingForTap.swift; sourceTree = "<group>"; };
		93A55F05243089840027E83E /* GameOver.swift */ = {isa = PBXFileReference; fileEncoding = 4; lastKnownFileType = sourcecode.swift; path = GameOver.swift; sourceTree = "<group>"; };
		93A55F06243089840027E83E /* Playing.swift */ = {isa = PBXFileReference; fileEncoding = 4; lastKnownFileType = sourcecode.swift; path = Playing.swift; sourceTree = "<group>"; };
		93A55F0B24308A630027E83E /* CGSize+AspectFill.swift */ = {isa = PBXFileReference; lastKnownFileType = sourcecode.swift; path = "CGSize+AspectFill.swift"; sourceTree = "<group>"; };
		93A55F0E24308AEE0027E83E /* GameScene+PhysicsContact.swift */ = {isa = PBXFileReference; fileEncoding = 4; lastKnownFileType = sourcecode.swift; path = "GameScene+PhysicsContact.swift"; sourceTree = "<group>"; };
		93A55F0F24308AEE0027E83E /* GameScene+TouchEvents.swift */ = {isa = PBXFileReference; fileEncoding = 4; lastKnownFileType = sourcecode.swift; path = "GameScene+TouchEvents.swift"; sourceTree = "<group>"; };
		93A55F2524308D1E0027E83E /* Constants.swift */ = {isa = PBXFileReference; fileEncoding = 4; lastKnownFileType = sourcecode.swift; path = Constants.swift; sourceTree = "<group>"; };
		93EFD97F2445F311005D68A2 /* Disconnected.swift */ = {isa = PBXFileReference; lastKnownFileType = sourcecode.swift; path = Disconnected.swift; sourceTree = "<group>"; };
		93F3DCB4244309960058B288 /* ImpulsableProtocol.swift */ = {isa = PBXFileReference; lastKnownFileType = sourcecode.swift; path = ImpulsableProtocol.swift; sourceTree = "<group>"; };
		93F3DCB6244309A80058B288 /* ImpactableProtocol.swift */ = {isa = PBXFileReference; lastKnownFileType = sourcecode.swift; path = ImpactableProtocol.swift; sourceTree = "<group>"; };
		93F3DCB8244309B80058B288 /* LaunchableProtocol.swift */ = {isa = PBXFileReference; lastKnownFileType = sourcecode.swift; path = LaunchableProtocol.swift; sourceTree = "<group>"; };
		93FEBDA7242EE0CF006CCBFB /* ZeroG BattleRoom.app */ = {isa = PBXFileReference; explicitFileType = wrapper.application; includeInIndex = 0; path = "ZeroG BattleRoom.app"; sourceTree = BUILT_PRODUCTS_DIR; };
		93FEBDAA242EE0CF006CCBFB /* AppDelegate.swift */ = {isa = PBXFileReference; lastKnownFileType = sourcecode.swift; path = AppDelegate.swift; sourceTree = "<group>"; };
		93FEBDAC242EE0CF006CCBFB /* GameScene.sks */ = {isa = PBXFileReference; lastKnownFileType = file.sks; path = GameScene.sks; sourceTree = "<group>"; };
		93FEBDAE242EE0CF006CCBFB /* Actions.sks */ = {isa = PBXFileReference; lastKnownFileType = file.sks; path = Actions.sks; sourceTree = "<group>"; };
		93FEBDB0242EE0CF006CCBFB /* GameScene.swift */ = {isa = PBXFileReference; lastKnownFileType = sourcecode.swift; path = GameScene.swift; sourceTree = "<group>"; };
		93FEBDB2242EE0CF006CCBFB /* GameViewController.swift */ = {isa = PBXFileReference; lastKnownFileType = sourcecode.swift; path = GameViewController.swift; sourceTree = "<group>"; };
		93FEBDB5242EE0CF006CCBFB /* Base */ = {isa = PBXFileReference; lastKnownFileType = file.storyboard; name = Base; path = Base.lproj/Main.storyboard; sourceTree = "<group>"; };
		93FEBDB7242EE0D2006CCBFB /* Assets.xcassets */ = {isa = PBXFileReference; lastKnownFileType = folder.assetcatalog; path = Assets.xcassets; sourceTree = "<group>"; };
		93FEBDBA242EE0D2006CCBFB /* Base */ = {isa = PBXFileReference; lastKnownFileType = file.storyboard; name = Base; path = Base.lproj/LaunchScreen.storyboard; sourceTree = "<group>"; };
		93FEBDBC242EE0D2006CCBFB /* Info.plist */ = {isa = PBXFileReference; lastKnownFileType = text.plist.xml; path = Info.plist; sourceTree = "<group>"; };
		93FEBDC3242EE181006CCBFB /* GameKit.framework */ = {isa = PBXFileReference; lastKnownFileType = wrapper.framework; name = GameKit.framework; path = System/Library/Frameworks/GameKit.framework; sourceTree = SDKROOT; };
/* End PBXFileReference section */

/* Begin PBXFrameworksBuildPhase section */
		93FEBDA4242EE0CF006CCBFB /* Frameworks */ = {
			isa = PBXFrameworksBuildPhase;
			buildActionMask = 2147483647;
			files = (
				93FEBDC4242EE181006CCBFB /* GameKit.framework in Frameworks */,
			);
			runOnlyForDeploymentPostprocessing = 0;
		};
/* End PBXFrameworksBuildPhase section */

/* Begin PBXGroup section */
		9347C8A724314AD50099AE53 /* Sounds */ = {
			isa = PBXGroup;
			children = (
				9347C8A824314AD50099AE53 /* game-over.wav */,
				9347C8A924314AD50099AE53 /* paddleBlip.wav */,
				9347C8AA24314AD50099AE53 /* BambooBreak.wav */,
				9347C8AB24314AD50099AE53 /* pongblip.wav */,
				9347C8AC24314AD50099AE53 /* game-won.mp3 */,
			);
			path = Sounds;
			sourceTree = "<group>";
		};
		9347C8B224315D030099AE53 /* Particles */ = {
			isa = PBXGroup;
			children = (
				9347C8BC2431E2220099AE53 /* BallTrail-Blue.sks */,
				9347C8BD2431E2220099AE53 /* BallTrail-Red.sks */,
				9347C8BA2431E1970099AE53 /* BallTrail-Silver.sks */,
				9347C8B324315D030099AE53 /* BallTrail.sks */,
				9347C8B424315D030099AE53 /* Deposit.sks */,
			);
			path = Particles;
			sourceTree = "<group>";
		};
		934A5F2E243321CC00A3D232 /* Multiplayer */ = {
			isa = PBXGroup;
			children = (
				93A55EEA24307D280027E83E /* MultiplayerNetworking.swift */,
				93A55EEB24307D280027E83E /* MultiplayerNetworking+GameKitHelper.swift */,
				934A5F2F2433221700A3D232 /* MultiplayerNetworking+Messages.swift */,
				9347C8C22431EB7D0099AE53 /* SnapshotManager.swift */,
			);
			path = Multiplayer;
			sourceTree = "<group>";
		};
		93873A0124389BA000A6E59A /* Entities */ = {
			isa = PBXGroup;
			children = (
				93F3DCB3244309570058B288 /* Protocols */,
				93873A0524389E1100A6E59A /* Deposit.swift */,
				93873A0724389F2E00A6E59A /* General.swift */,
				93873A0F2438ACC000A6E59A /* Package.swift */,
				93A0779C243C982200D52205 /* Panel.swift */,
				93873A0924389FEB00A6E59A /* EntityManager.swift */,
				93A077A4243D3CE300D52205 /* PanelFactory.swift */,
			);
			path = Entities;
			sourceTree = "<group>";
		};
		93873A0224389BBB00A6E59A /* Components */ = {
			isa = PBXGroup;
			children = (
				937911202439E4A500CEC9C6 /* AliasComponent.swift */,
				93873A0D2438A72800A6E59A /* DepositComponent.swift */,
				93873A1924397A3900A6E59A /* HandsComponent.swift */,
				93873A1524394C5D00A6E59A /* ImpulseComponent.swift */,
				93A077A8243DC45800D52205 /* LaunchComponent.swift */,
				93873A132438B87600A6E59A /* PhysicsComponent.swift */,
				93873A112438B82900A6E59A /* ShapeComponents.swift */,
				93873A0324389C5C00A6E59A /* SpriteComponent.swift */,
				93873A0B2438A40000A6E59A /* TeamComponent.swift */,
				93A077A2243C9E8700D52205 /* BeamComponent.swift */,
				93873A1B2439DC1D00A6E59A /* TrailComponent.swift */,
			);
			path = Components;
			sourceTree = "<group>";
		};
		93A55EE4243077830027E83E /* Resources */ = {
			isa = PBXGroup;
			children = (
				9347C8B224315D030099AE53 /* Particles */,
				9347C8A724314AD50099AE53 /* Sounds */,
				93A55F2524308D1E0027E83E /* Constants.swift */,
				93FEBDAC242EE0CF006CCBFB /* GameScene.sks */,
				93FEBDAE242EE0CF006CCBFB /* Actions.sks */,
				93FEBDB4242EE0CF006CCBFB /* Main.storyboard */,
				93FEBDB7242EE0D2006CCBFB /* Assets.xcassets */,
				93FEBDB9242EE0D2006CCBFB /* LaunchScreen.storyboard */,
				93FEBDBC242EE0D2006CCBFB /* Info.plist */,
			);
			name = Resources;
			sourceTree = "<group>";
		};
		93A55EE824307D280027E83E /* Networking */ = {
			isa = PBXGroup;
			children = (
				93A55EEC24307D280027E83E /* Protocols */,
				934A5F2E243321CC00A3D232 /* Multiplayer */,
				93A55EE924307D280027E83E /* GameKitHelper.swift */,
			);
			path = Networking;
			sourceTree = "<group>";
		};
		93A55EEC24307D280027E83E /* Protocols */ = {
			isa = PBXGroup;
			children = (
				93A55EED24307D280027E83E /* GameKitHelperProtocol.swift */,
				93A55EEE24307D280027E83E /* MultiplayerNetworkingProtocol.swift */,
			);
			path = Protocols;
			sourceTree = "<group>";
		};
		93A55EF424307D4F0027E83E /* Utilities */ = {
			isa = PBXGroup;
			children = (
				93A55EF624307D4F0027E83E /* Extensions */,
				93A55EF524307D4F0027E83E /* SoundManager.swift */,
			);
			path = Utilities;
			sourceTree = "<group>";
		};
		93A55EF624307D4F0027E83E /* Extensions */ = {
			isa = PBXGroup;
			children = (
				93A55F0B24308A630027E83E /* CGSize+AspectFill.swift */,
				93A55EF724307D4F0027E83E /* CGVector+Normalize.swift */,
				93A55EF924307D4F0027E83E /* Data+Archive.swift */,
				93A55EF824307D4F0027E83E /* SKNode+Impulse.swift */,
			);
			path = Extensions;
			sourceTree = "<group>";
		};
		93A55F03243089840027E83E /* GameStates */ = {
			isa = PBXGroup;
			children = (
				93A55F05243089840027E83E /* GameOver.swift */,
				93A55F06243089840027E83E /* Playing.swift */,
				93A55F04243089840027E83E /* WaitingForTap.swift */,
				93EFD97F2445F311005D68A2 /* Disconnected.swift */,
			);
			path = GameStates;
			sourceTree = "<group>";
		};
		93A55F0D24308AEE0027E83E /* Scenes */ = {
			isa = PBXGroup;
			children = (
				93FEBDB0242EE0CF006CCBFB /* GameScene.swift */,
				93A55F0F24308AEE0027E83E /* GameScene+TouchEvents.swift */,
				93A55F0E24308AEE0027E83E /* GameScene+PhysicsContact.swift */,
			);
			path = Scenes;
			sourceTree = "<group>";
		};
		93F3DCB3244309570058B288 /* Protocols */ = {
			isa = PBXGroup;
			children = (
				93F3DCB6244309A80058B288 /* ImpactableProtocol.swift */,
				93F3DCB4244309960058B288 /* ImpulsableProtocol.swift */,
				93F3DCB8244309B80058B288 /* LaunchableProtocol.swift */,
			);
			path = Protocols;
			sourceTree = "<group>";
		};
		93FEBD9E242EE0CF006CCBFB = {
			isa = PBXGroup;
			children = (
				93FEBDA9242EE0CF006CCBFB /* ZeroG BattleRoom */,
				93FEBDA8242EE0CF006CCBFB /* Products */,
				93FEBDC2242EE181006CCBFB /* Frameworks */,
			);
			sourceTree = "<group>";
		};
		93FEBDA8242EE0CF006CCBFB /* Products */ = {
			isa = PBXGroup;
			children = (
				93FEBDA7242EE0CF006CCBFB /* ZeroG BattleRoom.app */,
			);
			name = Products;
			sourceTree = "<group>";
		};
		93FEBDA9242EE0CF006CCBFB /* ZeroG BattleRoom */ = {
			isa = PBXGroup;
			children = (
				93873A0224389BBB00A6E59A /* Components */,
				93873A0124389BA000A6E59A /* Entities */,
				93A55F03243089840027E83E /* GameStates */,
				93A55F0D24308AEE0027E83E /* Scenes */,
				93A55EE824307D280027E83E /* Networking */,
				93FEBDAA242EE0CF006CCBFB /* AppDelegate.swift */,
				93FEBDB2242EE0CF006CCBFB /* GameViewController.swift */,
				93A55EF424307D4F0027E83E /* Utilities */,
				93A55EE4243077830027E83E /* Resources */,
			);
			path = "ZeroG BattleRoom";
			sourceTree = "<group>";
		};
		93FEBDC2242EE181006CCBFB /* Frameworks */ = {
			isa = PBXGroup;
			children = (
				93FEBDC3242EE181006CCBFB /* GameKit.framework */,
			);
			name = Frameworks;
			sourceTree = "<group>";
		};
/* End PBXGroup section */

/* Begin PBXNativeTarget section */
		93FEBDA6242EE0CF006CCBFB /* ZeroG BattleRoom */ = {
			isa = PBXNativeTarget;
			buildConfigurationList = 93FEBDBF242EE0D2006CCBFB /* Build configuration list for PBXNativeTarget "ZeroG BattleRoom" */;
			buildPhases = (
				93FEBDA3242EE0CF006CCBFB /* Sources */,
				93FEBDA4242EE0CF006CCBFB /* Frameworks */,
				93FEBDA5242EE0CF006CCBFB /* Resources */,
			);
			buildRules = (
			);
			dependencies = (
			);
			name = "ZeroG BattleRoom";
			productName = "ZeroG BattleRoom";
			productReference = 93FEBDA7242EE0CF006CCBFB /* ZeroG BattleRoom.app */;
			productType = "com.apple.product-type.application";
		};
/* End PBXNativeTarget section */

/* Begin PBXProject section */
		93FEBD9F242EE0CF006CCBFB /* Project object */ = {
			isa = PBXProject;
			attributes = {
				LastSwiftUpdateCheck = 1130;
				LastUpgradeCheck = 1130;
				ORGANIZATIONNAME = "JRudy Gaming";
				TargetAttributes = {
					93FEBDA6242EE0CF006CCBFB = {
						CreatedOnToolsVersion = 11.3.1;
					};
				};
			};
			buildConfigurationList = 93FEBDA2242EE0CF006CCBFB /* Build configuration list for PBXProject "ZeroG BattleRoom" */;
			compatibilityVersion = "Xcode 9.3";
			developmentRegion = en;
			hasScannedForEncodings = 0;
			knownRegions = (
				en,
				Base,
			);
			mainGroup = 93FEBD9E242EE0CF006CCBFB;
			productRefGroup = 93FEBDA8242EE0CF006CCBFB /* Products */;
			projectDirPath = "";
			projectRoot = "";
			targets = (
				93FEBDA6242EE0CF006CCBFB /* ZeroG BattleRoom */,
			);
		};
/* End PBXProject section */

/* Begin PBXResourcesBuildPhase section */
		93FEBDA5242EE0CF006CCBFB /* Resources */ = {
			isa = PBXResourcesBuildPhase;
			buildActionMask = 2147483647;
			files = (
				9347C8AF24314AD60099AE53 /* BambooBreak.wav in Resources */,
				93FEBDB6242EE0CF006CCBFB /* Main.storyboard in Resources */,
				93FEBDAD242EE0CF006CCBFB /* GameScene.sks in Resources */,
				9347C8B124314AD60099AE53 /* game-won.mp3 in Resources */,
				9347C8B524315D030099AE53 /* BallTrail.sks in Resources */,
				93FEBDB8242EE0D2006CCBFB /* Assets.xcassets in Resources */,
				93FEBDBB242EE0D2006CCBFB /* LaunchScreen.storyboard in Resources */,
				9347C8B624315D030099AE53 /* Deposit.sks in Resources */,
				9347C8AD24314AD60099AE53 /* game-over.wav in Resources */,
				9347C8BE2431E2220099AE53 /* BallTrail-Blue.sks in Resources */,
				9347C8BF2431E2220099AE53 /* BallTrail-Red.sks in Resources */,
				9347C8BB2431E1970099AE53 /* BallTrail-Silver.sks in Resources */,
				93FEBDAF242EE0CF006CCBFB /* Actions.sks in Resources */,
				9347C8AE24314AD60099AE53 /* paddleBlip.wav in Resources */,
				9347C8B024314AD60099AE53 /* pongblip.wav in Resources */,
			);
			runOnlyForDeploymentPostprocessing = 0;
		};
/* End PBXResourcesBuildPhase section */

/* Begin PBXSourcesBuildPhase section */
		93FEBDA3242EE0CF006CCBFB /* Sources */ = {
			isa = PBXSourcesBuildPhase;
			buildActionMask = 2147483647;
			files = (
				93873A0624389E1100A6E59A /* Deposit.swift in Sources */,
				93A55EFC24307D4F0027E83E /* SKNode+Impulse.swift in Sources */,
				93F3DCB7244309A80058B288 /* ImpactableProtocol.swift in Sources */,
				934A5F302433221700A3D232 /* MultiplayerNetworking+Messages.swift in Sources */,
				93873A102438ACC000A6E59A /* Package.swift in Sources */,
				93A55EF324307D280027E83E /* MultiplayerNetworkingProtocol.swift in Sources */,
				93A0779D243C982200D52205 /* Panel.swift in Sources */,
				93873A122438B82900A6E59A /* ShapeComponents.swift in Sources */,
				93873A142438B87600A6E59A /* PhysicsComponent.swift in Sources */,
				93A55EEF24307D280027E83E /* GameKitHelper.swift in Sources */,
				93873A1C2439DC1D00A6E59A /* TrailComponent.swift in Sources */,
				93A077A5243D3CE300D52205 /* PanelFactory.swift in Sources */,
				93873A1A24397A3900A6E59A /* HandsComponent.swift in Sources */,
				93FEBDB1242EE0CF006CCBFB /* GameScene.swift in Sources */,
				93FEBDB3242EE0CF006CCBFB /* GameViewController.swift in Sources */,
				93A55EFB24307D4F0027E83E /* CGVector+Normalize.swift in Sources */,
				93A077A3243C9E8700D52205 /* BeamComponent.swift in Sources */,
				93A55EF024307D280027E83E /* MultiplayerNetworking.swift in Sources */,
				93F3DCB5244309960058B288 /* ImpulsableProtocol.swift in Sources */,
				93A077A9243DC45800D52205 /* LaunchComponent.swift in Sources */,
				93873A1624394C5D00A6E59A /* ImpulseComponent.swift in Sources */,
				93FEBDAB242EE0CF006CCBFB /* AppDelegate.swift in Sources */,
				93A55EFD24307D4F0027E83E /* Data+Archive.swift in Sources */,
				9347C8C32431EB7D0099AE53 /* SnapshotManager.swift in Sources */,
				93873A0A24389FEB00A6E59A /* EntityManager.swift in Sources */,
				93873A0824389F2E00A6E59A /* General.swift in Sources */,
				93A55F08243089850027E83E /* WaitingForTap.swift in Sources */,
				93873A0E2438A72800A6E59A /* DepositComponent.swift in Sources */,
				93F3DCB9244309B80058B288 /* LaunchableProtocol.swift in Sources */,
				93873A0C2438A40000A6E59A /* TeamComponent.swift in Sources */,
				93A55EF124307D280027E83E /* MultiplayerNetworking+GameKitHelper.swift in Sources */,
				93A55EF224307D280027E83E /* GameKitHelperProtocol.swift in Sources */,
				937911212439E4A500CEC9C6 /* AliasComponent.swift in Sources */,
				93A55F1224308AEE0027E83E /* GameScene+TouchEvents.swift in Sources */,
				93A55F1124308AEE0027E83E /* GameScene+PhysicsContact.swift in Sources */,
				93873A0424389C5C00A6E59A /* SpriteComponent.swift in Sources */,
				93A55F0A243089850027E83E /* Playing.swift in Sources */,
				93A55F0C24308A630027E83E /* CGSize+AspectFill.swift in Sources */,
				93EFD9802445F311005D68A2 /* Disconnected.swift in Sources */,
				93A55EFA24307D4F0027E83E /* SoundManager.swift in Sources */,
				93A55F09243089850027E83E /* GameOver.swift in Sources */,
				93A55F2624308D1E0027E83E /* Constants.swift in Sources */,
			);
			runOnlyForDeploymentPostprocessing = 0;
		};
/* End PBXSourcesBuildPhase section */

/* Begin PBXVariantGroup section */
		93FEBDB4242EE0CF006CCBFB /* Main.storyboard */ = {
			isa = PBXVariantGroup;
			children = (
				93FEBDB5242EE0CF006CCBFB /* Base */,
			);
			name = Main.storyboard;
			sourceTree = "<group>";
		};
		93FEBDB9242EE0D2006CCBFB /* LaunchScreen.storyboard */ = {
			isa = PBXVariantGroup;
			children = (
				93FEBDBA242EE0D2006CCBFB /* Base */,
			);
			name = LaunchScreen.storyboard;
			sourceTree = "<group>";
		};
/* End PBXVariantGroup section */

/* Begin XCBuildConfiguration section */
		93FEBDBD242EE0D2006CCBFB /* Debug */ = {
			isa = XCBuildConfiguration;
			buildSettings = {
				ALWAYS_SEARCH_USER_PATHS = NO;
				CLANG_ANALYZER_NONNULL = YES;
				CLANG_ANALYZER_NUMBER_OBJECT_CONVERSION = YES_AGGRESSIVE;
				CLANG_CXX_LANGUAGE_STANDARD = "gnu++14";
				CLANG_CXX_LIBRARY = "libc++";
				CLANG_ENABLE_MODULES = YES;
				CLANG_ENABLE_OBJC_ARC = YES;
				CLANG_ENABLE_OBJC_WEAK = YES;
				CLANG_WARN_BLOCK_CAPTURE_AUTORELEASING = YES;
				CLANG_WARN_BOOL_CONVERSION = YES;
				CLANG_WARN_COMMA = YES;
				CLANG_WARN_CONSTANT_CONVERSION = YES;
				CLANG_WARN_DEPRECATED_OBJC_IMPLEMENTATIONS = YES;
				CLANG_WARN_DIRECT_OBJC_ISA_USAGE = YES_ERROR;
				CLANG_WARN_DOCUMENTATION_COMMENTS = YES;
				CLANG_WARN_EMPTY_BODY = YES;
				CLANG_WARN_ENUM_CONVERSION = YES;
				CLANG_WARN_INFINITE_RECURSION = YES;
				CLANG_WARN_INT_CONVERSION = YES;
				CLANG_WARN_NON_LITERAL_NULL_CONVERSION = YES;
				CLANG_WARN_OBJC_IMPLICIT_RETAIN_SELF = YES;
				CLANG_WARN_OBJC_LITERAL_CONVERSION = YES;
				CLANG_WARN_OBJC_ROOT_CLASS = YES_ERROR;
				CLANG_WARN_RANGE_LOOP_ANALYSIS = YES;
				CLANG_WARN_STRICT_PROTOTYPES = YES;
				CLANG_WARN_SUSPICIOUS_MOVE = YES;
				CLANG_WARN_UNGUARDED_AVAILABILITY = YES_AGGRESSIVE;
				CLANG_WARN_UNREACHABLE_CODE = YES;
				CLANG_WARN__DUPLICATE_METHOD_MATCH = YES;
				COPY_PHASE_STRIP = NO;
				DEBUG_INFORMATION_FORMAT = dwarf;
				ENABLE_STRICT_OBJC_MSGSEND = YES;
				ENABLE_TESTABILITY = YES;
				GCC_C_LANGUAGE_STANDARD = gnu11;
				GCC_DYNAMIC_NO_PIC = NO;
				GCC_NO_COMMON_BLOCKS = YES;
				GCC_OPTIMIZATION_LEVEL = 0;
				GCC_PREPROCESSOR_DEFINITIONS = (
					"DEBUG=1",
					"$(inherited)",
				);
				GCC_WARN_64_TO_32_BIT_CONVERSION = YES;
				GCC_WARN_ABOUT_RETURN_TYPE = YES_ERROR;
				GCC_WARN_UNDECLARED_SELECTOR = YES;
				GCC_WARN_UNINITIALIZED_AUTOS = YES_AGGRESSIVE;
				GCC_WARN_UNUSED_FUNCTION = YES;
				GCC_WARN_UNUSED_VARIABLE = YES;
				IPHONEOS_DEPLOYMENT_TARGET = 13.2;
				MTL_ENABLE_DEBUG_INFO = INCLUDE_SOURCE;
				MTL_FAST_MATH = YES;
				ONLY_ACTIVE_ARCH = YES;
				SDKROOT = iphoneos;
				SWIFT_ACTIVE_COMPILATION_CONDITIONS = DEBUG;
				SWIFT_OPTIMIZATION_LEVEL = "-Onone";
			};
			name = Debug;
		};
		93FEBDBE242EE0D2006CCBFB /* Release */ = {
			isa = XCBuildConfiguration;
			buildSettings = {
				ALWAYS_SEARCH_USER_PATHS = NO;
				CLANG_ANALYZER_NONNULL = YES;
				CLANG_ANALYZER_NUMBER_OBJECT_CONVERSION = YES_AGGRESSIVE;
				CLANG_CXX_LANGUAGE_STANDARD = "gnu++14";
				CLANG_CXX_LIBRARY = "libc++";
				CLANG_ENABLE_MODULES = YES;
				CLANG_ENABLE_OBJC_ARC = YES;
				CLANG_ENABLE_OBJC_WEAK = YES;
				CLANG_WARN_BLOCK_CAPTURE_AUTORELEASING = YES;
				CLANG_WARN_BOOL_CONVERSION = YES;
				CLANG_WARN_COMMA = YES;
				CLANG_WARN_CONSTANT_CONVERSION = YES;
				CLANG_WARN_DEPRECATED_OBJC_IMPLEMENTATIONS = YES;
				CLANG_WARN_DIRECT_OBJC_ISA_USAGE = YES_ERROR;
				CLANG_WARN_DOCUMENTATION_COMMENTS = YES;
				CLANG_WARN_EMPTY_BODY = YES;
				CLANG_WARN_ENUM_CONVERSION = YES;
				CLANG_WARN_INFINITE_RECURSION = YES;
				CLANG_WARN_INT_CONVERSION = YES;
				CLANG_WARN_NON_LITERAL_NULL_CONVERSION = YES;
				CLANG_WARN_OBJC_IMPLICIT_RETAIN_SELF = YES;
				CLANG_WARN_OBJC_LITERAL_CONVERSION = YES;
				CLANG_WARN_OBJC_ROOT_CLASS = YES_ERROR;
				CLANG_WARN_RANGE_LOOP_ANALYSIS = YES;
				CLANG_WARN_STRICT_PROTOTYPES = YES;
				CLANG_WARN_SUSPICIOUS_MOVE = YES;
				CLANG_WARN_UNGUARDED_AVAILABILITY = YES_AGGRESSIVE;
				CLANG_WARN_UNREACHABLE_CODE = YES;
				CLANG_WARN__DUPLICATE_METHOD_MATCH = YES;
				COPY_PHASE_STRIP = NO;
				DEBUG_INFORMATION_FORMAT = "dwarf-with-dsym";
				ENABLE_NS_ASSERTIONS = NO;
				ENABLE_STRICT_OBJC_MSGSEND = YES;
				GCC_C_LANGUAGE_STANDARD = gnu11;
				GCC_NO_COMMON_BLOCKS = YES;
				GCC_WARN_64_TO_32_BIT_CONVERSION = YES;
				GCC_WARN_ABOUT_RETURN_TYPE = YES_ERROR;
				GCC_WARN_UNDECLARED_SELECTOR = YES;
				GCC_WARN_UNINITIALIZED_AUTOS = YES_AGGRESSIVE;
				GCC_WARN_UNUSED_FUNCTION = YES;
				GCC_WARN_UNUSED_VARIABLE = YES;
				IPHONEOS_DEPLOYMENT_TARGET = 13.2;
				MTL_ENABLE_DEBUG_INFO = NO;
				MTL_FAST_MATH = YES;
				SDKROOT = iphoneos;
				SWIFT_COMPILATION_MODE = wholemodule;
				SWIFT_OPTIMIZATION_LEVEL = "-O";
				VALIDATE_PRODUCT = YES;
			};
			name = Release;
		};
		93FEBDC0242EE0D2006CCBFB /* Debug */ = {
			isa = XCBuildConfiguration;
			buildSettings = {
				ASSETCATALOG_COMPILER_APPICON_NAME = AppIcon;
				CODE_SIGN_STYLE = Automatic;
				DEVELOPMENT_TEAM = ZRTG86ZKHQ;
				INFOPLIST_FILE = "ZeroG BattleRoom/Info.plist";
				IPHONEOS_DEPLOYMENT_TARGET = 13.1;
				LD_RUNPATH_SEARCH_PATHS = (
					"$(inherited)",
					"@executable_path/Frameworks",
				);
				PRODUCT_BUNDLE_IDENTIFIER = "com.jrudygaming.ZeroG-BattleRoom";
				PRODUCT_NAME = "$(TARGET_NAME)";
				SWIFT_VERSION = 5.0;
				TARGETED_DEVICE_FAMILY = "1,2";
			};
			name = Debug;
		};
		93FEBDC1242EE0D2006CCBFB /* Release */ = {
			isa = XCBuildConfiguration;
			buildSettings = {
				ASSETCATALOG_COMPILER_APPICON_NAME = AppIcon;
				CODE_SIGN_STYLE = Automatic;
				DEVELOPMENT_TEAM = ZRTG86ZKHQ;
				INFOPLIST_FILE = "ZeroG BattleRoom/Info.plist";
				IPHONEOS_DEPLOYMENT_TARGET = 13.1;
				LD_RUNPATH_SEARCH_PATHS = (
					"$(inherited)",
					"@executable_path/Frameworks",
				);
				PRODUCT_BUNDLE_IDENTIFIER = "com.jrudygaming.ZeroG-BattleRoom";
				PRODUCT_NAME = "$(TARGET_NAME)";
				SWIFT_VERSION = 5.0;
				TARGETED_DEVICE_FAMILY = "1,2";
			};
			name = Release;
		};
/* End XCBuildConfiguration section */

/* Begin XCConfigurationList section */
		93FEBDA2242EE0CF006CCBFB /* Build configuration list for PBXProject "ZeroG BattleRoom" */ = {
			isa = XCConfigurationList;
			buildConfigurations = (
				93FEBDBD242EE0D2006CCBFB /* Debug */,
				93FEBDBE242EE0D2006CCBFB /* Release */,
			);
			defaultConfigurationIsVisible = 0;
			defaultConfigurationName = Release;
		};
		93FEBDBF242EE0D2006CCBFB /* Build configuration list for PBXNativeTarget "ZeroG BattleRoom" */ = {
			isa = XCConfigurationList;
			buildConfigurations = (
				93FEBDC0242EE0D2006CCBFB /* Debug */,
				93FEBDC1242EE0D2006CCBFB /* Release */,
			);
			defaultConfigurationIsVisible = 0;
			defaultConfigurationName = Release;
		};
/* End XCConfigurationList section */
	};
	rootObject = 93FEBD9F242EE0CF006CCBFB /* Project object */;
}
